
Microsoft Visual Studio Solution File, Format Version 12.00
# Visual Studio 15
VisualStudioVersion = 15.0.27703.2042
MinimumVisualStudioVersion = 10.0.40219.1
Project("{FAE04EC0-301F-11D3-BF4B-00C04F79EFBC}") = "Practice.Client", "Practice.Client\Practice.Client.csproj", "{F31F6C13-EF1E-4074-BB6E-B91596954C96}"
EndProject
Global
	GlobalSection(SolutionConfigurationPlatforms) = preSolution
		Debug|Any CPU = Debug|Any CPU
		Release|Any CPU = Release|Any CPU
	EndGlobalSection
	GlobalSection(ProjectConfigurationPlatforms) = postSolution
		{F31F6C13-EF1E-4074-BB6E-B91596954C96}.Debug|Any CPU.ActiveCfg = Debug|Any CPU
		{F31F6C13-EF1E-4074-BB6E-B91596954C96}.Debug|Any CPU.Build.0 = Debug|Any CPU
		{F31F6C13-EF1E-4074-BB6E-B91596954C96}.Release|Any CPU.ActiveCfg = Release|Any CPU
		{F31F6C13-EF1E-4074-BB6E-B91596954C96}.Release|Any CPU.Build.0 = Release|Any CPU
	EndGlobalSection
	GlobalSection(SolutionProperties) = preSolution
		HideSolutionNode = FALSE
	EndGlobalSection
	GlobalSection(ExtensibilityGlobals) = postSolution
		SolutionGuid = {B52AFF33-226B-4646-9D7A-6240C39023FC}
	EndGlobalSection
EndGlobal
